
Microsoft Visual Studio Solution File, Format Version 12.00
# Visual Studio Version 17
VisualStudioVersion = 17.9.34714.143
MinimumVisualStudioVersion = 10.0.40219.1
Project("{9A19103F-16F7-4668-BE54-9A1E7A4F7556}") = "EnchantedMask", "EnchantedMask\EnchantedMask.csproj", "{E746F73C-4A39-4357-B59F-5B102E435028}"
EndProject
Global
	GlobalSection(SolutionConfigurationPlatforms) = preSolution
		Debug|Any CPU = Debug|Any CPU
		Release|Any CPU = Release|Any CPU
	EndGlobalSection
	GlobalSection(ProjectConfigurationPlatforms) = postSolution
		{E746F73C-4A39-4357-B59F-5B102E435028}.Debug|Any CPU.ActiveCfg = Debug|Any CPU
		{E746F73C-4A39-4357-B59F-5B102E435028}.Debug|Any CPU.Build.0 = Debug|Any CPU
		{E746F73C-4A39-4357-B59F-5B102E435028}.Release|Any CPU.ActiveCfg = Release|Any CPU
		{E746F73C-4A39-4357-B59F-5B102E435028}.Release|Any CPU.Build.0 = Release|Any CPU
	EndGlobalSection
	GlobalSection(SolutionProperties) = preSolution
		HideSolutionNode = FALSE
	EndGlobalSection
	GlobalSection(ExtensibilityGlobals) = postSolution
		SolutionGuid = {48A4DD26-4B13-40A6-88E5-8AE7CA356B6D}
	EndGlobalSection
EndGlobal
